
Microsoft Visual Studio Solution File, Format Version 12.00
# Visual Studio Version 16
VisualStudioVersion = 16.0.30804.86
MinimumVisualStudioVersion = 10.0.40219.1
Project("{FAE04EC0-301F-11D3-BF4B-00C04F79EFBC}") = "WebApplication1", "WebApplication1\WebApplication1.csproj", "{7448E171-AEB2-4679-9D44-313460128092}"
EndProject
Global
	GlobalSection(SolutionConfigurationPlatforms) = preSolution
		Debug|Any CPU = Debug|Any CPU
		Release|Any CPU = Release|Any CPU
	EndGlobalSection
	GlobalSection(ProjectConfigurationPlatforms) = postSolution
		{7448E171-AEB2-4679-9D44-313460128092}.Debug|Any CPU.ActiveCfg = Debug|Any CPU
		{7448E171-AEB2-4679-9D44-313460128092}.Debug|Any CPU.Build.0 = Debug|Any CPU
		{7448E171-AEB2-4679-9D44-313460128092}.Release|Any CPU.ActiveCfg = Release|Any CPU
		{7448E171-AEB2-4679-9D44-313460128092}.Release|Any CPU.Build.0 = Release|Any CPU
	EndGlobalSection
	GlobalSection(SolutionProperties) = preSolution
		HideSolutionNode = FALSE
	EndGlobalSection
	GlobalSection(ExtensibilityGlobals) = postSolution
		SolutionGuid = {9EDDC0C9-6346-411C-A114-6636727A58C4}
	EndGlobalSection
EndGlobal
